{
  "nodes": {
    "flakelight": {
      "inputs": {
        "nixpkgs": [
          "nixpkgs"
        ]
      },
      "locked": {
        "lastModified": 1744029987,
        "narHash": "sha256-J1hZh9FHHCHKLGByZveXTnWK6G/oXjnbs9BS+GX+8jg=",
        "owner": "nix-community",
        "repo": "flakelight",
        "rev": "a9deddc856e2d279d616e5f4f1fdd43c5d1c8ac3",
        "type": "github"
      },
      "original": {
        "owner": "nix-community",
        "repo": "flakelight",
        "type": "github"
      }
    },
    "nixpkgs": {
      "locked": {
        "lastModified": 1744059796,
        "narHash": "sha256-E74YMZ/88tuiyPxrnkd43sNL3hhtOhq7PbTR97FynSg=",
        "owner": "NixOS",
        "repo": "nixpkgs",
        "rev": "b6776fe38f7fb784cd7a4a64fb88a4af660b6749",
        "type": "github"
      },
      "original": {
        "owner": "NixOS",
        "ref": "release-24.11",
        "repo": "nixpkgs",
        "type": "github"
      }
    },
    "root": {
      "inputs": {
        "flakelight": "flakelight",
        "nixpkgs": "nixpkgs"
      }
    }
  },
  "root": "root",
  "version": 7
}
