{
  "nodes": {
    "flakelight": {
      "inputs": {
        "nixpkgs": [
          "nixpkgs"
        ]
      },
      "locked": {
        "lastModified": 1747550553,
        "narHash": "sha256-6wIWDt6ar4YLLvburpYsWuFxk7TtP/ghUjp1u4Dtye8=",
        "owner": "nix-community",
        "repo": "flakelight",
        "rev": "a06c4cd93a970142bd8d120487340362aefbe385",
        "type": "github"
      },
      "original": {
        "owner": "nix-community",
        "repo": "flakelight",
        "type": "github"
      }
    },
    "nixpkgs": {
      "locked": {
        "lastModified": 1747602890,
        "narHash": "sha256-6kkV9mHtxl5w+zABINqpqDJkBKeCN6KrJPhFA0lZnrg=",
        "owner": "NixOS",
        "repo": "nixpkgs",
        "rev": "d576b1abc7bfc207d9f12df89b559290e3289955",
        "type": "github"
      },
      "original": {
        "owner": "NixOS",
        "ref": "release-24.11",
        "repo": "nixpkgs",
        "type": "github"
      }
    },
    "root": {
      "inputs": {
        "flakelight": "flakelight",
        "nixpkgs": "nixpkgs"
      }
    }
  },
  "root": "root",
  "version": 7
}
